
Microsoft Visual Studio Solution File, Format Version 12.00
# Visual Studio 15
VisualStudioVersion = 15.0.27703.2026
MinimumVisualStudioVersion = 10.0.40219.1
Project("{FAE04EC0-301F-11D3-BF4B-00C04F79EFBC}") = "AspNetCore.UI", "AspNetCore.UI\AspNetCore.UI.csproj", "{2AF93296-DE43-4E11-8C1A-EB3C857B1DB4}"
EndProject
Global
	GlobalSection(SolutionConfigurationPlatforms) = preSolution
		Debug|Any CPU = Debug|Any CPU
		Release|Any CPU = Release|Any CPU
	EndGlobalSection
	GlobalSection(ProjectConfigurationPlatforms) = postSolution
		{2AF93296-DE43-4E11-8C1A-EB3C857B1DB4}.Debug|Any CPU.ActiveCfg = Debug|Any CPU
		{2AF93296-DE43-4E11-8C1A-EB3C857B1DB4}.Debug|Any CPU.Build.0 = Debug|Any CPU
		{2AF93296-DE43-4E11-8C1A-EB3C857B1DB4}.Release|Any CPU.ActiveCfg = Release|Any CPU
		{2AF93296-DE43-4E11-8C1A-EB3C857B1DB4}.Release|Any CPU.Build.0 = Release|Any CPU
	EndGlobalSection
	GlobalSection(SolutionProperties) = preSolution
		HideSolutionNode = FALSE
	EndGlobalSection
	GlobalSection(ExtensibilityGlobals) = postSolution
		SolutionGuid = {BABB68BD-1E33-4655-A2E4-F4D1BEF982F1}
	EndGlobalSection
EndGlobal
